{
  "version": 4,
  "terraform_version": "1.1.7",
  "serial": 9,
  "lineage": "a8a40a48-528a-fc86-428b-03d76181ddf9",
  "outputs": {},
  "resources": [
    {
      "mode": "data",
      "type": "digitalocean_ssh_key",
      "name": "pierangelo",
      "provider": "provider[\"registry.terraform.io/digitalocean/digitalocean\"]",
      "instances": [
        {
          "schema_version": 0,
          "attributes": {
            "fingerprint": "a2:f5:93:02:8b:1c:f4:ce:bf:29:ec:24:40:84:14:8a",
            "id": 27469695,
            "name": "pierangelo",
            "public_key": "ssh-rsa AAAAB3NzaC1yc2EAAAADAQABAAABAQDds73vaCWszzI9NquophO8ufpmr5GSmSletGwVRj3WbHFKEsSSVOaNWF8xhckjseH2jhrK7NQ6PYUhIqpoLP5NyhwV0yrBX7o38IhVbiUp6nfzrZFv4odZAenk2qp5cz67o+2X3HphonTs5lu8vV/+mUKd55+xnM+uHDY4Bp3evrHzw8Tfa9ot+3nHIQnDPJEhe+rlIint7VY5OYSH6SZ/ApQDM6tqfpqIc3S8b9iD2B7cdknNgQOjTYdg7Z9KtWK/snQ89oTAzUAOiC30jqf9DCUtscs41PObyOISvAdwhnL3OBcWhX5V5rMVUTgDJi5W9vdMLk+ALBrt3UbBaXJV pierangelo@pierangelo-Extensa-215-51"
          },
          "sensitive_attributes": []
        }
      ]
    },
    {
      "mode": "managed",
      "type": "digitalocean_droplet",
      "name": "www-1",
      "provider": "provider[\"registry.terraform.io/digitalocean/digitalocean\"]",
      "instances": [
        {
          "status": "tainted",
          "schema_version": 1,
          "attributes": {
            "backups": false,
            "created_at": "2022-03-30T18:29:25Z",
            "disk": 25,
            "droplet_agent": null,
            "graceful_shutdown": false,
            "id": "293098883",
            "image": "ubuntu-20-04-x64",
            "ipv4_address": "104.131.31.215",
            "ipv4_address_private": "10.108.0.2",
            "ipv6": false,
            "ipv6_address": "",
            "locked": false,
            "memory": 1024,
            "monitoring": false,
            "name": "www-1",
            "price_hourly": 0.00744,
            "price_monthly": 5,
            "private_networking": true,
            "region": "nyc3",
            "resize_disk": true,
            "size": "s-1vcpu-1gb",
            "ssh_keys": [
              "a2:f5:93:02:8b:1c:f4:ce:bf:29:ec:24:40:84:14:8a"
            ],
            "status": "active",
            "tags": null,
            "urn": "do:droplet:293098883",
            "user_data": null,
            "vcpus": 1,
            "volume_ids": [],
            "vpc_uuid": "4ff43f3e-7e03-4beb-9ee1-ad3cc48c9b72"
          },
          "sensitive_attributes": [],
          "private": "eyJzY2hlbWFfdmVyc2lvbiI6IjEifQ==",
          "dependencies": [
            "data.digitalocean_ssh_key.pierangelo"
          ]
        }
      ]
    }
  ]
}
